// !$*UTF8*$!
{
	archiveVersion = 1;
	classes = {
	};
	objectVersion = 46;
	objects = {

/* Begin PBXBuildFile section */
		66DEB50A1A38266600EEAE18 /* AppDelegate.swift in Sources */ = {isa = PBXBuildFile; fileRef = 66DEB5091A38266600EEAE18 /* AppDelegate.swift */; };
		66DEB50C1A38266600EEAE18 /* ViewController.swift in Sources */ = {isa = PBXBuildFile; fileRef = 66DEB50B1A38266600EEAE18 /* ViewController.swift */; };
		66DEB50F1A38266600EEAE18 /* Main.storyboard in Resources */ = {isa = PBXBuildFile; fileRef = 66DEB50D1A38266600EEAE18 /* Main.storyboard */; };
		66DEB5111A38266600EEAE18 /* Images.xcassets in Resources */ = {isa = PBXBuildFile; fileRef = 66DEB5101A38266600EEAE18 /* Images.xcassets */; };
		66DEB5141A38266600EEAE18 /* LaunchScreen.xib in Resources */ = {isa = PBXBuildFile; fileRef = 66DEB5121A38266600EEAE18 /* LaunchScreen.xib */; };
		66DEB5201A38266700EEAE18 /* UofATests.swift in Sources */ = {isa = PBXBuildFile; fileRef = 66DEB51F1A38266700EEAE18 /* UofATests.swift */; };
		66DEB52A1A3826DE00EEAE18 /* Big Big A.jpg in Resources */ = {isa = PBXBuildFile; fileRef = 66DEB5291A3826DE00EEAE18 /* Big Big A.jpg */; };
		66DEB52C1A382D2C00EEAE18 /* Bear Down Arizona.mp3 in Resources */ = {isa = PBXBuildFile; fileRef = 66DEB52B1A382D2C00EEAE18 /* Bear Down Arizona.mp3 */; };
		66DEB5361A38D18B00EEAE18 /* BD_AZ1.mp3 in Resources */ = {isa = PBXBuildFile; fileRef = 66DEB5351A38D18B00EEAE18 /* BD_AZ1.mp3 */; };
/* End PBXBuildFile section */

/* Begin PBXContainerItemProxy section */
		66DEB51A1A38266700EEAE18 /* PBXContainerItemProxy */ = {
			isa = PBXContainerItemProxy;
			containerPortal = 66DEB4FC1A38266600EEAE18 /* Project object */;
			proxyType = 1;
			remoteGlobalIDString = 66DEB5031A38266600EEAE18;
			remoteInfo = UofA;
		};
/* End PBXContainerItemProxy section */

/* Begin PBXFileReference section */
		66DEB5041A38266600EEAE18 /* UofA.app */ = {isa = PBXFileReference; explicitFileType = wrapper.application; includeInIndex = 0; path = UofA.app; sourceTree = BUILT_PRODUCTS_DIR; };
		66DEB5081A38266600EEAE18 /* Info.plist */ = {isa = PBXFileReference; lastKnownFileType = text.plist.xml; path = Info.plist; sourceTree = "<group>"; };
		66DEB5091A38266600EEAE18 /* AppDelegate.swift */ = {isa = PBXFileReference; lastKnownFileType = sourcecode.swift; path = AppDelegate.swift; sourceTree = "<group>"; };
		66DEB50B1A38266600EEAE18 /* ViewController.swift */ = {isa = PBXFileReference; lastKnownFileType = sourcecode.swift; path = ViewController.swift; sourceTree = "<group>"; };
		66DEB50E1A38266600EEAE18 /* Base */ = {isa = PBXFileReference; lastKnownFileType = file.storyboard; name = Base; path = Base.lproj/Main.storyboard; sourceTree = "<group>"; };
		66DEB5101A38266600EEAE18 /* Images.xcassets */ = {isa = PBXFileReference; lastKnownFileType = folder.assetcatalog; path = Images.xcassets; sourceTree = "<group>"; };
		66DEB5131A38266600EEAE18 /* Base */ = {isa = PBXFileReference; lastKnownFileType = file.xib; name = Base; path = Base.lproj/LaunchScreen.xib; sourceTree = "<group>"; };
		66DEB5191A38266700EEAE18 /* UofATests.xctest */ = {isa = PBXFileReference; explicitFileType = wrapper.cfbundle; includeInIndex = 0; path = UofATests.xctest; sourceTree = BUILT_PRODUCTS_DIR; };
		66DEB51E1A38266700EEAE18 /* Info.plist */ = {isa = PBXFileReference; lastKnownFileType = text.plist.xml; path = Info.plist; sourceTree = "<group>"; };
		66DEB51F1A38266700EEAE18 /* UofATests.swift */ = {isa = PBXFileReference; lastKnownFileType = sourcecode.swift; path = UofATests.swift; sourceTree = "<group>"; };
		66DEB5291A3826DE00EEAE18 /* Big Big A.jpg */ = {isa = PBXFileReference; lastKnownFileType = image.jpeg; name = "Big Big A.jpg"; path = "../../../Documents/Big Big A.jpg"; sourceTree = "<group>"; };
		66DEB52B1A382D2C00EEAE18 /* Bear Down Arizona.mp3 */ = {isa = PBXFileReference; lastKnownFileType = audio.mp3; name = "Bear Down Arizona.mp3"; path = "../../../Downloads/Bear Down Arizona.mp3"; sourceTree = "<group>"; };
		66DEB5351A38D18B00EEAE18 /* BD_AZ1.mp3 */ = {isa = PBXFileReference; lastKnownFileType = audio.mp3; name = BD_AZ1.mp3; path = ../BD_AZ1.mp3; sourceTree = "<group>"; };
/* End PBXFileReference section */

/* Begin PBXFrameworksBuildPhase section */
		66DEB5011A38266600EEAE18 /* Frameworks */ = {
			isa = PBXFrameworksBuildPhase;
			buildActionMask = 2147483647;
			files = (
			);
			runOnlyForDeploymentPostprocessing = 0;
		};
		66DEB5161A38266700EEAE18 /* Frameworks */ = {
			isa = PBXFrameworksBuildPhase;
			buildActionMask = 2147483647;
			files = (
			);
			runOnlyForDeploymentPostprocessing = 0;
		};
/* End PBXFrameworksBuildPhase section */

/* Begin PBXGroup section */
		66DEB4FB1A38266600EEAE18 = {
			isa = PBXGroup;
			children = (
				66DEB5061A38266600EEAE18 /* UofA */,
				66DEB51C1A38266700EEAE18 /* UofATests */,
				66DEB5051A38266600EEAE18 /* Products */,
			);
			sourceTree = "<group>";
		};
		66DEB5051A38266600EEAE18 /* Products */ = {
			isa = PBXGroup;
			children = (
				66DEB5041A38266600EEAE18 /* UofA.app */,
				66DEB5191A38266700EEAE18 /* UofATests.xctest */,
			);
			name = Products;
			sourceTree = "<group>";
		};
		66DEB5061A38266600EEAE18 /* UofA */ = {
			isa = PBXGroup;
			children = (
				66DEB5091A38266600EEAE18 /* AppDelegate.swift */,
				66DEB50B1A38266600EEAE18 /* ViewController.swift */,
				66DEB50D1A38266600EEAE18 /* Main.storyboard */,
				66DEB5291A3826DE00EEAE18 /* Big Big A.jpg */,
				66DEB52B1A382D2C00EEAE18 /* Bear Down Arizona.mp3 */,
				66DEB5101A38266600EEAE18 /* Images.xcassets */,
				66DEB5121A38266600EEAE18 /* LaunchScreen.xib */,
				66DEB5071A38266600EEAE18 /* Supporting Files */,
			);
			path = UofA;
			sourceTree = "<group>";
		};
		66DEB5071A38266600EEAE18 /* Supporting Files */ = {
			isa = PBXGroup;
			children = (
				66DEB5351A38D18B00EEAE18 /* BD_AZ1.mp3 */,
				66DEB5081A38266600EEAE18 /* Info.plist */,
			);
			name = "Supporting Files";
			sourceTree = "<group>";
		};
		66DEB51C1A38266700EEAE18 /* UofATests */ = {
			isa = PBXGroup;
			children = (
				66DEB51F1A38266700EEAE18 /* UofATests.swift */,
				66DEB51D1A38266700EEAE18 /* Supporting Files */,
			);
			path = UofATests;
			sourceTree = "<group>";
		};
		66DEB51D1A38266700EEAE18 /* Supporting Files */ = {
			isa = PBXGroup;
			children = (
				66DEB51E1A38266700EEAE18 /* Info.plist */,
			);
			name = "Supporting Files";
			sourceTree = "<group>";
		};
/* End PBXGroup section */

/* Begin PBXNativeTarget section */
		66DEB5031A38266600EEAE18 /* UofA */ = {
			isa = PBXNativeTarget;
			buildConfigurationList = 66DEB5231A38266700EEAE18 /* Build configuration list for PBXNativeTarget "UofA" */;
			buildPhases = (
				66DEB5001A38266600EEAE18 /* Sources */,
				66DEB5011A38266600EEAE18 /* Frameworks */,
				66DEB5021A38266600EEAE18 /* Resources */,
			);
			buildRules = (
			);
			dependencies = (
			);
			name = UofA;
			productName = UofA;
			productReference = 66DEB5041A38266600EEAE18 /* UofA.app */;
			productType = "com.apple.product-type.application";
		};
		66DEB5181A38266700EEAE18 /* UofATests */ = {
			isa = PBXNativeTarget;
			buildConfigurationList = 66DEB5261A38266700EEAE18 /* Build configuration list for PBXNativeTarget "UofATests" */;
			buildPhases = (
				66DEB5151A38266700EEAE18 /* Sources */,
				66DEB5161A38266700EEAE18 /* Frameworks */,
				66DEB5171A38266700EEAE18 /* Resources */,
			);
			buildRules = (
			);
			dependencies = (
				66DEB51B1A38266700EEAE18 /* PBXTargetDependency */,
			);
			name = UofATests;
			productName = UofATests;
			productReference = 66DEB5191A38266700EEAE18 /* UofATests.xctest */;
			productType = "com.apple.product-type.bundle.unit-test";
		};
/* End PBXNativeTarget section */

/* Begin PBXProject section */
		66DEB4FC1A38266600EEAE18 /* Project object */ = {
			isa = PBXProject;
			attributes = {
				LastUpgradeCheck = 0610;
				ORGANIZATIONNAME = CheckList;
				TargetAttributes = {
					66DEB5031A38266600EEAE18 = {
						CreatedOnToolsVersion = 6.1;
					};
					66DEB5181A38266700EEAE18 = {
						CreatedOnToolsVersion = 6.1;
						TestTargetID = 66DEB5031A38266600EEAE18;
					};
				};
			};
			buildConfigurationList = 66DEB4FF1A38266600EEAE18 /* Build configuration list for PBXProject "UofA" */;
			compatibilityVersion = "Xcode 3.2";
			developmentRegion = English;
			hasScannedForEncodings = 0;
			knownRegions = (
				en,
				Base,
			);
			mainGroup = 66DEB4FB1A38266600EEAE18;
			productRefGroup = 66DEB5051A38266600EEAE18 /* Products */;
			projectDirPath = "";
			projectRoot = "";
			targets = (
				66DEB5031A38266600EEAE18 /* UofA */,
				66DEB5181A38266700EEAE18 /* UofATests */,
			);
		};
/* End PBXProject section */

/* Begin PBXResourcesBuildPhase section */
		66DEB5021A38266600EEAE18 /* Resources */ = {
			isa = PBXResourcesBuildPhase;
			buildActionMask = 2147483647;
			files = (
				66DEB5361A38D18B00EEAE18 /* BD_AZ1.mp3 in Resources */,
				66DEB50F1A38266600EEAE18 /* Main.storyboard in Resources */,
				66DEB52A1A3826DE00EEAE18 /* Big Big A.jpg in Resources */,
				66DEB52C1A382D2C00EEAE18 /* Bear Down Arizona.mp3 in Resources */,
				66DEB5141A38266600EEAE18 /* LaunchScreen.xib in Resources */,
				66DEB5111A38266600EEAE18 /* Images.xcassets in Resources */,
			);
			runOnlyForDeploymentPostprocessing = 0;
		};
		66DEB5171A38266700EEAE18 /* Resources */ = {
			isa = PBXResourcesBuildPhase;
			buildActionMask = 2147483647;
			files = (
			);
			runOnlyForDeploymentPostprocessing = 0;
		};
/* End PBXResourcesBuildPhase section */

/* Begin PBXSourcesBuildPhase section */
		66DEB5001A38266600EEAE18 /* Sources */ = {
			isa = PBXSourcesBuildPhase;
			buildActionMask = 2147483647;
			files = (
				66DEB50C1A38266600EEAE18 /* ViewController.swift in Sources */,
				66DEB50A1A38266600EEAE18 /* AppDelegate.swift in Sources */,
			);
			runOnlyForDeploymentPostprocessing = 0;
		};
		66DEB5151A38266700EEAE18 /* Sources */ = {
			isa = PBXSourcesBuildPhase;
			buildActionMask = 2147483647;
			files = (
				66DEB5201A38266700EEAE18 /* UofATests.swift in Sources */,
			);
			runOnlyForDeploymentPostprocessing = 0;
		};
/* End PBXSourcesBuildPhase section */

/* Begin PBXTargetDependency section */
		66DEB51B1A38266700EEAE18 /* PBXTargetDependency */ = {
			isa = PBXTargetDependency;
			target = 66DEB5031A38266600EEAE18 /* UofA */;
			targetProxy = 66DEB51A1A38266700EEAE18 /* PBXContainerItemProxy */;
		};
/* End PBXTargetDependency section */

/* Begin PBXVariantGroup section */
		66DEB50D1A38266600EEAE18 /* Main.storyboard */ = {
			isa = PBXVariantGroup;
			children = (
				66DEB50E1A38266600EEAE18 /* Base */,
			);
			name = Main.storyboard;
			sourceTree = "<group>";
		};
		66DEB5121A38266600EEAE18 /* LaunchScreen.xib */ = {
			isa = PBXVariantGroup;
			children = (
				66DEB5131A38266600EEAE18 /* Base */,
			);
			name = LaunchScreen.xib;
			sourceTree = "<group>";
		};
/* End PBXVariantGroup section */

/* Begin XCBuildConfiguration section */
		66DEB5211A38266700EEAE18 /* Debug */ = {
			isa = XCBuildConfiguration;
			buildSettings = {
				ALWAYS_SEARCH_USER_PATHS = NO;
				CLANG_CXX_LANGUAGE_STANDARD = "gnu++0x";
				CLANG_CXX_LIBRARY = "libc++";
				CLANG_ENABLE_MODULES = YES;
				CLANG_ENABLE_OBJC_ARC = YES;
				CLANG_WARN_BOOL_CONVERSION = YES;
				CLANG_WARN_CONSTANT_CONVERSION = YES;
				CLANG_WARN_DIRECT_OBJC_ISA_USAGE = YES_ERROR;
				CLANG_WARN_EMPTY_BODY = YES;
				CLANG_WARN_ENUM_CONVERSION = YES;
				CLANG_WARN_INT_CONVERSION = YES;
				CLANG_WARN_OBJC_ROOT_CLASS = YES_ERROR;
				CLANG_WARN_UNREACHABLE_CODE = YES;
				CLANG_WARN__DUPLICATE_METHOD_MATCH = YES;
				"CODE_SIGN_IDENTITY[sdk=iphoneos*]" = "iPhone Developer";
				COPY_PHASE_STRIP = NO;
				ENABLE_STRICT_OBJC_MSGSEND = YES;
				GCC_C_LANGUAGE_STANDARD = gnu99;
				GCC_DYNAMIC_NO_PIC = NO;
				GCC_OPTIMIZATION_LEVEL = 0;
				GCC_PREPROCESSOR_DEFINITIONS = (
					"DEBUG=1",
					"$(inherited)",
				);
				GCC_SYMBOLS_PRIVATE_EXTERN = NO;
				GCC_WARN_64_TO_32_BIT_CONVERSION = YES;
				GCC_WARN_ABOUT_RETURN_TYPE = YES_ERROR;
				GCC_WARN_UNDECLARED_SELECTOR = YES;
				GCC_WARN_UNINITIALIZED_AUTOS = YES_AGGRESSIVE;
				GCC_WARN_UNUSED_FUNCTION = YES;
				GCC_WARN_UNUSED_VARIABLE = YES;
				IPHONEOS_DEPLOYMENT_TARGET = 8.1;
				MTL_ENABLE_DEBUG_INFO = YES;
				ONLY_ACTIVE_ARCH = YES;
				SDKROOT = iphoneos;
				SWIFT_OPTIMIZATION_LEVEL = "-Onone";
			};
			name = Debug;
		};
		66DEB5221A38266700EEAE18 /* Release */ = {
			isa = XCBuildConfiguration;
			buildSettings = {
				ALWAYS_SEARCH_USER_PATHS = NO;
				CLANG_CXX_LANGUAGE_STANDARD = "gnu++0x";
				CLANG_CXX_LIBRARY = "libc++";
				CLANG_ENABLE_MODULES = YES;
				CLANG_ENABLE_OBJC_ARC = YES;
				CLANG_WARN_BOOL_CONVERSION = YES;
				CLANG_WARN_CONSTANT_CONVERSION = YES;
				CLANG_WARN_DIRECT_OBJC_ISA_USAGE = YES_ERROR;
				CLANG_WARN_EMPTY_BODY = YES;
				CLANG_WARN_ENUM_CONVERSION = YES;
				CLANG_WARN_INT_CONVERSION = YES;
				CLANG_WARN_OBJC_ROOT_CLASS = YES_ERROR;
				CLANG_WARN_UNREACHABLE_CODE = YES;
				CLANG_WARN__DUPLICATE_METHOD_MATCH = YES;
				"CODE_SIGN_IDENTITY[sdk=iphoneos*]" = "iPhone Developer";
				COPY_PHASE_STRIP = YES;
				ENABLE_NS_ASSERTIONS = NO;
				ENABLE_STRICT_OBJC_MSGSEND = YES;
				GCC_C_LANGUAGE_STANDARD = gnu99;
				GCC_WARN_64_TO_32_BIT_CONVERSION = YES;
				GCC_WARN_ABOUT_RETURN_TYPE = YES_ERROR;
				GCC_WARN_UNDECLARED_SELECTOR = YES;
				GCC_WARN_UNINITIALIZED_AUTOS = YES_AGGRESSIVE;
				GCC_WARN_UNUSED_FUNCTION = YES;
				GCC_WARN_UNUSED_VARIABLE = YES;
				IPHONEOS_DEPLOYMENT_TARGET = 8.1;
				MTL_ENABLE_DEBUG_INFO = NO;
				SDKROOT = iphoneos;
				VALIDATE_PRODUCT = YES;
			};
			name = Release;
		};
		66DEB5241A38266700EEAE18 /* Debug */ = {
			isa = XCBuildConfiguration;
			buildSettings = {
				ASSETCATALOG_COMPILER_APPICON_NAME = AppIcon;
				INFOPLIST_FILE = UofA/Info.plist;
				LD_RUNPATH_SEARCH_PATHS = "$(inherited) @executable_path/Frameworks";
				PRODUCT_NAME = "$(TARGET_NAME)";
			};
			name = Debug;
		};
		66DEB5251A38266700EEAE18 /* Release */ = {
			isa = XCBuildConfiguration;
			buildSettings = {
				ASSETCATALOG_COMPILER_APPICON_NAME = AppIcon;
				INFOPLIST_FILE = UofA/Info.plist;
				LD_RUNPATH_SEARCH_PATHS = "$(inherited) @executable_path/Frameworks";
				PRODUCT_NAME = "$(TARGET_NAME)";
			};
			name = Release;
		};
		66DEB5271A38266700EEAE18 /* Debug */ = {
			isa = XCBuildConfiguration;
			buildSettings = {
				BUNDLE_LOADER = "$(TEST_HOST)";
				FRAMEWORK_SEARCH_PATHS = (
					"$(SDKROOT)/Developer/Library/Frameworks",
					"$(inherited)",
				);
				GCC_PREPROCESSOR_DEFINITIONS = (
					"DEBUG=1",
					"$(inherited)",
				);
				INFOPLIST_FILE = UofATests/Info.plist;
				LD_RUNPATH_SEARCH_PATHS = "$(inherited) @executable_path/Frameworks @loader_path/Frameworks";
				PRODUCT_NAME = "$(TARGET_NAME)";
				TEST_HOST = "$(BUILT_PRODUCTS_DIR)/UofA.app/UofA";
			};
			name = Debug;
		};
		66DEB5281A38266700EEAE18 /* Release */ = {
			isa = XCBuildConfiguration;
			buildSettings = {
				BUNDLE_LOADER = "$(TEST_HOST)";
				FRAMEWORK_SEARCH_PATHS = (
					"$(SDKROOT)/Developer/Library/Frameworks",
					"$(inherited)",
				);
				INFOPLIST_FILE = UofATests/Info.plist;
				LD_RUNPATH_SEARCH_PATHS = "$(inherited) @executable_path/Frameworks @loader_path/Frameworks";
				PRODUCT_NAME = "$(TARGET_NAME)";
				TEST_HOST = "$(BUILT_PRODUCTS_DIR)/UofA.app/UofA";
			};
			name = Release;
		};
/* End XCBuildConfiguration section */

/* Begin XCConfigurationList section */
		66DEB4FF1A38266600EEAE18 /* Build configuration list for PBXProject "UofA" */ = {
			isa = XCConfigurationList;
			buildConfigurations = (
				66DEB5211A38266700EEAE18 /* Debug */,
				66DEB5221A38266700EEAE18 /* Release */,
			);
			defaultConfigurationIsVisible = 0;
			defaultConfigurationName = Release;
		};
		66DEB5231A38266700EEAE18 /* Build configuration list for PBXNativeTarget "UofA" */ = {
			isa = XCConfigurationList;
			buildConfigurations = (
				66DEB5241A38266700EEAE18 /* Debug */,
				66DEB5251A38266700EEAE18 /* Release */,
			);
			defaultConfigurationIsVisible = 0;
		};
		66DEB5261A38266700EEAE18 /* Build configuration list for PBXNativeTarget "UofATests" */ = {
			isa = XCConfigurationList;
			buildConfigurations = (
				66DEB5271A38266700EEAE18 /* Debug */,
				66DEB5281A38266700EEAE18 /* Release */,
			);
			defaultConfigurationIsVisible = 0;
		};
/* End XCConfigurationList section */
	};
	rootObject = 66DEB4FC1A38266600EEAE18 /* Project object */;
}
